<?xml version="1.0" encoding="utf-8"?>
<Project ToolsVersion="17.0" xmlns="http://schemas.microsoft.com/developer/msbuild/2003">
  <ItemGroup>
    <ClCompile Include="C:\work\projects\grpc\build_windows_32\gens\src\proto\grpc\reflection\v1alpha\reflection.pb.cc">
      <Filter>Source Files</Filter>
    </ClCompile>
    <ClCompile Include="C:\work\projects\grpc\build_windows_32\gens\src\proto\grpc\reflection\v1alpha\reflection.grpc.pb.cc">
      <Filter>Source Files</Filter>
    </ClCompile>
    <ClCompile Include="C:\work\projects\grpc\src\cpp\ext\proto_server_reflection.cc">
      <Filter>Source Files</Filter>
    </ClCompile>
    <ClCompile Include="C:\work\projects\grpc\src\cpp\ext\proto_server_reflection_plugin.cc">
      <Filter>Source Files</Filter>
    </ClCompile>
  </ItemGroup>
  <ItemGroup>
    <ClInclude Include="C:\work\projects\grpc\build_windows_32\gens\src\proto\grpc\reflection\v1alpha\reflection.pb.h">
      <Filter>Header Files</Filter>
    </ClInclude>
    <ClInclude Include="C:\work\projects\grpc\build_windows_32\gens\src\proto\grpc\reflection\v1alpha\reflection.grpc.pb.h">
      <Filter>Header Files</Filter>
    </ClInclude>
  </ItemGroup>
  <ItemGroup>
    <CustomBuild Include="C:\work\projects\grpc\build_windows_32\CMakeFiles\d966240c6b397fc29d614338308c551e\reflection.grpc.pb.cc.rule">
      <Filter>CMake Rules</Filter>
    </CustomBuild>
    <CustomBuild Include="C:\work\projects\grpc\CMakeLists.txt" />
  </ItemGroup>
  <ItemGroup>
    <Filter Include="CMake Rules">
      <UniqueIdentifier>{E6BF5062-02BB-387A-8F94-01F46522DD87}</UniqueIdentifier>
    </Filter>
    <Filter Include="Header Files">
      <UniqueIdentifier>{37C37A5C-4C01-335C-9A62-B872547C5030}</UniqueIdentifier>
    </Filter>
    <Filter Include="Source Files">
      <UniqueIdentifier>{CE928D61-0FDB-37DA-962B-2CBA15C25FF5}</UniqueIdentifier>
    </Filter>
  </ItemGroup>
</Project>
