<?xml version="1.0" encoding="utf-8"?>
<Project ToolsVersion="17.0" xmlns="http://schemas.microsoft.com/developer/msbuild/2003">
  <ItemGroup>
    <ClCompile Include="C:\work\projects\grpc_alex\build_windows_32\gens\src\proto\grpc\reflection\v1alpha\reflection.pb.cc">
      <Filter>Source Files</Filter>
    </ClCompile>
    <ClCompile Include="C:\work\projects\grpc_alex\build_windows_32\gens\src\proto\grpc\reflection\v1alpha\reflection.grpc.pb.cc">
      <Filter>Source Files</Filter>
    </ClCompile>
    <ClCompile Include="C:\work\projects\grpc_alex\src\cpp\ext\proto_server_reflection.cc">
      <Filter>Source Files</Filter>
    </ClCompile>
    <ClCompile Include="C:\work\projects\grpc_alex\src\cpp\ext\proto_server_reflection_plugin.cc">
      <Filter>Source Files</Filter>
    </ClCompile>
  </ItemGroup>
  <ItemGroup>
    <ClInclude Include="C:\work\projects\grpc_alex\build_windows_32\gens\src\proto\grpc\reflection\v1alpha\reflection.pb.h">
      <Filter>Header Files</Filter>
    </ClInclude>
    <ClInclude Include="C:\work\projects\grpc_alex\build_windows_32\gens\src\proto\grpc\reflection\v1alpha\reflection.grpc.pb.h">
      <Filter>Header Files</Filter>
    </ClInclude>
  </ItemGroup>
  <ItemGroup>
    <CustomBuild Include="C:\work\projects\grpc_alex\build_windows_32\CMakeFiles\c851c414e0af59fa6e33f15c30a9a523\reflection.grpc.pb.cc.rule">
      <Filter>CMake Rules</Filter>
    </CustomBuild>
    <CustomBuild Include="C:\work\projects\grpc_alex\CMakeLists.txt" />
  </ItemGroup>
  <ItemGroup>
    <Filter Include="CMake Rules">
      <UniqueIdentifier>{165D33D1-B4B3-3BA0-B489-EA888132E58C}</UniqueIdentifier>
    </Filter>
    <Filter Include="Header Files">
      <UniqueIdentifier>{4C10699D-640A-3531-9C14-F4AF4A3F511C}</UniqueIdentifier>
    </Filter>
    <Filter Include="Source Files">
      <UniqueIdentifier>{97C9B03B-46B3-3AF3-A83E-BF556B363ED3}</UniqueIdentifier>
    </Filter>
  </ItemGroup>
</Project>
